// !$*UTF8*$!
{
	archiveVersion = 1;
	classes = {
	};
	objectVersion = 46;
	objects = {

/* Begin PBXBuildFile section */
		FDA1786A1F1F89B400035707 /* AppDelegate.swift in Sources */ = {isa = PBXBuildFile; fileRef = FDA178691F1F89B400035707 /* AppDelegate.swift */; };
		FDA1786C1F1F89B400035707 /* ViewController.swift in Sources */ = {isa = PBXBuildFile; fileRef = FDA1786B1F1F89B400035707 /* ViewController.swift */; };
		FDA1786F1F1F89B400035707 /* Main.storyboard in Resources */ = {isa = PBXBuildFile; fileRef = FDA1786D1F1F89B400035707 /* Main.storyboard */; };
		FDA178711F1F89B400035707 /* Assets.xcassets in Resources */ = {isa = PBXBuildFile; fileRef = FDA178701F1F89B400035707 /* Assets.xcassets */; };
		FDA178741F1F89B400035707 /* LaunchScreen.storyboard in Resources */ = {isa = PBXBuildFile; fileRef = FDA178721F1F89B400035707 /* LaunchScreen.storyboard */; };
/* End PBXBuildFile section */

/* Begin PBXFileReference section */
		FDA178661F1F89B400035707 /* Greetings Generator.app */ = {isa = PBXFileReference; explicitFileType = wrapper.application; includeInIndex = 0; path = "Greetings Generator.app"; sourceTree = BUILT_PRODUCTS_DIR; };
		FDA178691F1F89B400035707 /* AppDelegate.swift */ = {isa = PBXFileReference; lastKnownFileType = sourcecode.swift; path = AppDelegate.swift; sourceTree = "<group>"; };
		FDA1786B1F1F89B400035707 /* ViewController.swift */ = {isa = PBXFileReference; lastKnownFileType = sourcecode.swift; path = ViewController.swift; sourceTree = "<group>"; };
		FDA1786E1F1F89B400035707 /* Base */ = {isa = PBXFileReference; lastKnownFileType = file.storyboard; name = Base; path = Base.lproj/Main.storyboard; sourceTree = "<group>"; };
		FDA178701F1F89B400035707 /* Assets.xcassets */ = {isa = PBXFileReference; lastKnownFileType = folder.assetcatalog; path = Assets.xcassets; sourceTree = "<group>"; };
		FDA178731F1F89B400035707 /* Base */ = {isa = PBXFileReference; lastKnownFileType = file.storyboard; name = Base; path = Base.lproj/LaunchScreen.storyboard; sourceTree = "<group>"; };
		FDA178751F1F89B400035707 /* Info.plist */ = {isa = PBXFileReference; lastKnownFileType = text.plist.xml; path = Info.plist; sourceTree = "<group>"; };
/* End PBXFileReference section */

/* Begin PBXFrameworksBuildPhase section */
		FDA178631F1F89B400035707 /* Frameworks */ = {
			isa = PBXFrameworksBuildPhase;
			buildActionMask = 2147483647;
			files = (
			);
			runOnlyForDeploymentPostprocessing = 0;
		};
/* End PBXFrameworksBuildPhase section */

/* Begin PBXGroup section */
		FDA1785D1F1F89B400035707 = {
			isa = PBXGroup;
			children = (
				FDA178681F1F89B400035707 /* Greetings Generator */,
				FDA178671F1F89B400035707 /* Products */,
			);
			sourceTree = "<group>";
		};
		FDA178671F1F89B400035707 /* Products */ = {
			isa = PBXGroup;
			children = (
				FDA178661F1F89B400035707 /* Greetings Generator.app */,
			);
			name = Products;
			sourceTree = "<group>";
		};
		FDA178681F1F89B400035707 /* Greetings Generator */ = {
			isa = PBXGroup;
			children = (
				FDA178691F1F89B400035707 /* AppDelegate.swift */,
				FDA1786B1F1F89B400035707 /* ViewController.swift */,
				FDA1786D1F1F89B400035707 /* Main.storyboard */,
				FDA178701F1F89B400035707 /* Assets.xcassets */,
				FDA178721F1F89B400035707 /* LaunchScreen.storyboard */,
				FDA178751F1F89B400035707 /* Info.plist */,
			);
			path = "Greetings Generator";
			sourceTree = "<group>";
		};
/* End PBXGroup section */

/* Begin PBXNativeTarget section */
		FDA178651F1F89B400035707 /* Greetings Generator */ = {
			isa = PBXNativeTarget;
			buildConfigurationList = FDA178781F1F89B400035707 /* Build configuration list for PBXNativeTarget "Greetings Generator" */;
			buildPhases = (
				FDA178621F1F89B400035707 /* Sources */,
				FDA178631F1F89B400035707 /* Frameworks */,
				FDA178641F1F89B400035707 /* Resources */,
			);
			buildRules = (
			);
			dependencies = (
			);
			name = "Greetings Generator";
			productName = "Greetings Generator";
			productReference = FDA178661F1F89B400035707 /* Greetings Generator.app */;
			productType = "com.apple.product-type.application";
		};
/* End PBXNativeTarget section */

/* Begin PBXProject section */
		FDA1785E1F1F89B400035707 /* Project object */ = {
			isa = PBXProject;
			attributes = {
				LastSwiftUpdateCheck = 0830;
				LastUpgradeCheck = 0830;
				ORGANIZATIONNAME = "Aashish Tamsya";
				TargetAttributes = {
					FDA178651F1F89B400035707 = {
						CreatedOnToolsVersion = 8.3.3;
						DevelopmentTeam = 2HBTRJG3KJ;
						ProvisioningStyle = Automatic;
					};
				};
			};
			buildConfigurationList = FDA178611F1F89B400035707 /* Build configuration list for PBXProject "Greetings Generator" */;
			compatibilityVersion = "Xcode 3.2";
			developmentRegion = English;
			hasScannedForEncodings = 0;
			knownRegions = (
				en,
				Base,
			);
			mainGroup = FDA1785D1F1F89B400035707;
			productRefGroup = FDA178671F1F89B400035707 /* Products */;
			projectDirPath = "";
			projectRoot = "";
			targets = (
				FDA178651F1F89B400035707 /* Greetings Generator */,
			);
		};
/* End PBXProject section */

/* Begin PBXResourcesBuildPhase section */
		FDA178641F1F89B400035707 /* Resources */ = {
			isa = PBXResourcesBuildPhase;
			buildActionMask = 2147483647;
			files = (
				FDA178741F1F89B400035707 /* LaunchScreen.storyboard in Resources */,
				FDA178711F1F89B400035707 /* Assets.xcassets in Resources */,
				FDA1786F1F1F89B400035707 /* Main.storyboard in Resources */,
			);
			runOnlyForDeploymentPostprocessing = 0;
		};
/* End PBXResourcesBuildPhase section */

/* Begin PBXSourcesBuildPhase section */
		FDA178621F1F89B400035707 /* Sources */ = {
			isa = PBXSourcesBuildPhase;
			buildActionMask = 2147483647;
			files = (
				FDA1786C1F1F89B400035707 /* ViewController.swift in Sources */,
				FDA1786A1F1F89B400035707 /* AppDelegate.swift in Sources */,
			);
			runOnlyForDeploymentPostprocessing = 0;
		};
/* End PBXSourcesBuildPhase section */

/* Begin PBXVariantGroup section */
		FDA1786D1F1F89B400035707 /* Main.storyboard */ = {
			isa = PBXVariantGroup;
			children = (
				FDA1786E1F1F89B400035707 /* Base */,
			);
			name = Main.storyboard;
			sourceTree = "<group>";
		};
		FDA178721F1F89B400035707 /* LaunchScreen.storyboard */ = {
			isa = PBXVariantGroup;
			children = (
				FDA178731F1F89B400035707 /* Base */,
			);
			name = LaunchScreen.storyboard;
			sourceTree = "<group>";
		};
/* End PBXVariantGroup section */

/* Begin XCBuildConfiguration section */
		FDA178761F1F89B400035707 /* Debug */ = {
			isa = XCBuildConfiguration;
			buildSettings = {
				ALWAYS_SEARCH_USER_PATHS = NO;
				CLANG_ANALYZER_NONNULL = YES;
				CLANG_ANALYZER_NUMBER_OBJECT_CONVERSION = YES_AGGRESSIVE;
				CLANG_CXX_LANGUAGE_STANDARD = "gnu++0x";
				CLANG_CXX_LIBRARY = "libc++";
				CLANG_ENABLE_MODULES = YES;
				CLANG_ENABLE_OBJC_ARC = YES;
				CLANG_WARN_BOOL_CONVERSION = YES;
				CLANG_WARN_CONSTANT_CONVERSION = YES;
				CLANG_WARN_DIRECT_OBJC_ISA_USAGE = YES_ERROR;
				CLANG_WARN_DOCUMENTATION_COMMENTS = YES;
				CLANG_WARN_EMPTY_BODY = YES;
				CLANG_WARN_ENUM_CONVERSION = YES;
				CLANG_WARN_INFINITE_RECURSION = YES;
				CLANG_WARN_INT_CONVERSION = YES;
				CLANG_WARN_OBJC_ROOT_CLASS = YES_ERROR;
				CLANG_WARN_SUSPICIOUS_MOVE = YES;
				CLANG_WARN_UNREACHABLE_CODE = YES;
				CLANG_WARN__DUPLICATE_METHOD_MATCH = YES;
				"CODE_SIGN_IDENTITY[sdk=iphoneos*]" = "iPhone Developer";
				COPY_PHASE_STRIP = NO;
				DEBUG_INFORMATION_FORMAT = dwarf;
				ENABLE_STRICT_OBJC_MSGSEND = YES;
				ENABLE_TESTABILITY = YES;
				GCC_C_LANGUAGE_STANDARD = gnu99;
				GCC_DYNAMIC_NO_PIC = NO;
				GCC_NO_COMMON_BLOCKS = YES;
				GCC_OPTIMIZATION_LEVEL = 0;
				GCC_PREPROCESSOR_DEFINITIONS = (
					"DEBUG=1",
					"$(inherited)",
				);
				GCC_WARN_64_TO_32_BIT_CONVERSION = YES;
				GCC_WARN_ABOUT_RETURN_TYPE = YES_ERROR;
				GCC_WARN_UNDECLARED_SELECTOR = YES;
				GCC_WARN_UNINITIALIZED_AUTOS = YES_AGGRESSIVE;
				GCC_WARN_UNUSED_FUNCTION = YES;
				GCC_WARN_UNUSED_VARIABLE = YES;
				IPHONEOS_DEPLOYMENT_TARGET = 10.3;
				MTL_ENABLE_DEBUG_INFO = YES;
				ONLY_ACTIVE_ARCH = YES;
				SDKROOT = iphoneos;
				SWIFT_ACTIVE_COMPILATION_CONDITIONS = DEBUG;
				SWIFT_OPTIMIZATION_LEVEL = "-Onone";
				TARGETED_DEVICE_FAMILY = "1,2";
			};
			name = Debug;
		};
		FDA178771F1F89B400035707 /* Release */ = {
			isa = XCBuildConfiguration;
			buildSettings = {
				ALWAYS_SEARCH_USER_PATHS = NO;
				CLANG_ANALYZER_NONNULL = YES;
				CLANG_ANALYZER_NUMBER_OBJECT_CONVERSION = YES_AGGRESSIVE;
				CLANG_CXX_LANGUAGE_STANDARD = "gnu++0x";
				CLANG_CXX_LIBRARY = "libc++";
				CLANG_ENABLE_MODULES = YES;
				CLANG_ENABLE_OBJC_ARC = YES;
				CLANG_WARN_BOOL_CONVERSION = YES;
				CLANG_WARN_CONSTANT_CONVERSION = YES;
				CLANG_WARN_DIRECT_OBJC_ISA_USAGE = YES_ERROR;
				CLANG_WARN_DOCUMENTATION_COMMENTS = YES;
				CLANG_WARN_EMPTY_BODY = YES;
				CLANG_WARN_ENUM_CONVERSION = YES;
				CLANG_WARN_INFINITE_RECURSION = YES;
				CLANG_WARN_INT_CONVERSION = YES;
				CLANG_WARN_OBJC_ROOT_CLASS = YES_ERROR;
				CLANG_WARN_SUSPICIOUS_MOVE = YES;
				CLANG_WARN_UNREACHABLE_CODE = YES;
				CLANG_WARN__DUPLICATE_METHOD_MATCH = YES;
				"CODE_SIGN_IDENTITY[sdk=iphoneos*]" = "iPhone Developer";
				COPY_PHASE_STRIP = NO;
				DEBUG_INFORMATION_FORMAT = "dwarf-with-dsym";
				ENABLE_NS_ASSERTIONS = NO;
				ENABLE_STRICT_OBJC_MSGSEND = YES;
				GCC_C_LANGUAGE_STANDARD = gnu99;
				GCC_NO_COMMON_BLOCKS = YES;
				GCC_WARN_64_TO_32_BIT_CONVERSION = YES;
				GCC_WARN_ABOUT_RETURN_TYPE = YES_ERROR;
				GCC_WARN_UNDECLARED_SELECTOR = YES;
				GCC_WARN_UNINITIALIZED_AUTOS = YES_AGGRESSIVE;
				GCC_WARN_UNUSED_FUNCTION = YES;
				GCC_WARN_UNUSED_VARIABLE = YES;
				IPHONEOS_DEPLOYMENT_TARGET = 10.3;
				MTL_ENABLE_DEBUG_INFO = NO;
				SDKROOT = iphoneos;
				SWIFT_OPTIMIZATION_LEVEL = "-Owholemodule";
				TARGETED_DEVICE_FAMILY = "1,2";
				VALIDATE_PRODUCT = YES;
			};
			name = Release;
		};
		FDA178791F1F89B400035707 /* Debug */ = {
			isa = XCBuildConfiguration;
			buildSettings = {
				ASSETCATALOG_COMPILER_APPICON_NAME = AppIcon;
				DEVELOPMENT_TEAM = 2HBTRJG3KJ;
				INFOPLIST_FILE = "Greetings Generator/Info.plist";
				LD_RUNPATH_SEARCH_PATHS = "$(inherited) @executable_path/Frameworks";
				PRODUCT_BUNDLE_IDENTIFIER = "com.aashishtamsya.Greetings-Generator";
				PRODUCT_NAME = "$(TARGET_NAME)";
				SWIFT_VERSION = 3.0;
			};
			name = Debug;
		};
		FDA1787A1F1F89B400035707 /* Release */ = {
			isa = XCBuildConfiguration;
			buildSettings = {
				ASSETCATALOG_COMPILER_APPICON_NAME = AppIcon;
				DEVELOPMENT_TEAM = 2HBTRJG3KJ;
				INFOPLIST_FILE = "Greetings Generator/Info.plist";
				LD_RUNPATH_SEARCH_PATHS = "$(inherited) @executable_path/Frameworks";
				PRODUCT_BUNDLE_IDENTIFIER = "com.aashishtamsya.Greetings-Generator";
				PRODUCT_NAME = "$(TARGET_NAME)";
				SWIFT_VERSION = 3.0;
			};
			name = Release;
		};
/* End XCBuildConfiguration section */

/* Begin XCConfigurationList section */
		FDA178611F1F89B400035707 /* Build configuration list for PBXProject "Greetings Generator" */ = {
			isa = XCConfigurationList;
			buildConfigurations = (
				FDA178761F1F89B400035707 /* Debug */,
				FDA178771F1F89B400035707 /* Release */,
			);
			defaultConfigurationIsVisible = 0;
			defaultConfigurationName = Release;
		};
		FDA178781F1F89B400035707 /* Build configuration list for PBXNativeTarget "Greetings Generator" */ = {
			isa = XCConfigurationList;
			buildConfigurations = (
				FDA178791F1F89B400035707 /* Debug */,
				FDA1787A1F1F89B400035707 /* Release */,
			);
			defaultConfigurationIsVisible = 0;
		};
/* End XCConfigurationList section */
	};
	rootObject = FDA1785E1F1F89B400035707 /* Project object */;
}
